
Microsoft Visual Studio Solution File, Format Version 12.00
# Visual Studio Version 17
VisualStudioVersion = 17.14.36518.9 d17.14
MinimumVisualStudioVersion = 10.0.40219.1
Project("{FAE04EC0-301F-11D3-BF4B-00C04F79EFBC}") = "ref_avg", "ref_avg\ref_avg.csproj", "{FD597B54-355E-465C-B8AF-7417AFDE956D}"
EndProject
Global
	GlobalSection(SolutionConfigurationPlatforms) = preSolution
		Debug|Any CPU = Debug|Any CPU
		Release|Any CPU = Release|Any CPU
	EndGlobalSection
	GlobalSection(ProjectConfigurationPlatforms) = postSolution
		{FD597B54-355E-465C-B8AF-7417AFDE956D}.Debug|Any CPU.ActiveCfg = Debug|Any CPU
		{FD597B54-355E-465C-B8AF-7417AFDE956D}.Debug|Any CPU.Build.0 = Debug|Any CPU
		{FD597B54-355E-465C-B8AF-7417AFDE956D}.Release|Any CPU.ActiveCfg = Release|Any CPU
		{FD597B54-355E-465C-B8AF-7417AFDE956D}.Release|Any CPU.Build.0 = Release|Any CPU
	EndGlobalSection
	GlobalSection(SolutionProperties) = preSolution
		HideSolutionNode = FALSE
	EndGlobalSection
	GlobalSection(ExtensibilityGlobals) = postSolution
		SolutionGuid = {892BA23C-1287-4C0A-A3E4-4464CB33485B}
	EndGlobalSection
EndGlobal
